Microsoft Visual Studio Solution File, Format Version 11.00
# Visual Studio 2008

Project("{91811E1F-19C4-426C-0613-8003720374AC}") = "TurnBasedGame_CDProjekt", "Assembly-CSharp-firstpass.csproj", "{74456255-56FD-4050-A4B1-78AF6FD9356F}"
EndProject
Project("{91811E1F-19C4-426C-0613-8003720374AC}") = "TurnBasedGame_CDProjekt", "Assembly-CSharp.csproj", "{C1CD0EC3-6C0E-A92A-B398-DA084596B7B3}"
EndProject
Project("{91811E1F-19C4-426C-0613-8003720374AC}") = "TurnBasedGame_CDProjekt", "Assembly-CSharp-Editor.csproj", "{F3B90FE1-86A7-DA0B-3BC2-B12E553832F5}"
EndProject
Global
	GlobalSection(SolutionConfigurationPlatforms) = preSolution
		Debug|Any CPU = Debug|Any CPU
		Release|Any CPU = Release|Any CPU
	EndGlobalSection
	GlobalSection(ProjectConfigurationPlatforms) = postSolution
		{74456255-56FD-4050-A4B1-78AF6FD9356F}.Debug|Any CPU.ActiveCfg = Debug|Any CPU
		{74456255-56FD-4050-A4B1-78AF6FD9356F}.Debug|Any CPU.Build.0 = Debug|Any CPU
		{74456255-56FD-4050-A4B1-78AF6FD9356F}.Release|Any CPU.ActiveCfg = Release|Any CPU
		{74456255-56FD-4050-A4B1-78AF6FD9356F}.Release|Any CPU.Build.0 = Release|Any CPU
		{C1CD0EC3-6C0E-A92A-B398-DA084596B7B3}.Debug|Any CPU.ActiveCfg = Debug|Any CPU
		{C1CD0EC3-6C0E-A92A-B398-DA084596B7B3}.Debug|Any CPU.Build.0 = Debug|Any CPU
		{C1CD0EC3-6C0E-A92A-B398-DA084596B7B3}.Release|Any CPU.ActiveCfg = Release|Any CPU
		{C1CD0EC3-6C0E-A92A-B398-DA084596B7B3}.Release|Any CPU.Build.0 = Release|Any CPU
		{F3B90FE1-86A7-DA0B-3BC2-B12E553832F5}.Debug|Any CPU.ActiveCfg = Debug|Any CPU
		{F3B90FE1-86A7-DA0B-3BC2-B12E553832F5}.Debug|Any CPU.Build.0 = Debug|Any CPU
		{F3B90FE1-86A7-DA0B-3BC2-B12E553832F5}.Release|Any CPU.ActiveCfg = Release|Any CPU
		{F3B90FE1-86A7-DA0B-3BC2-B12E553832F5}.Release|Any CPU.Build.0 = Release|Any CPU
	EndGlobalSection
	GlobalSection(SolutionProperties) = preSolution
		HideSolutionNode = FALSE
	EndGlobalSection
																				GlobalSection(MonoDevelopProperties) = preSolution
		StartupItem = Assembly-CSharp.csproj
		Policies = $0
		$0.TextStylePolicy = $1
		$1.inheritsSet = null
		$1.scope = text/x-csharp
		$0.CSharpFormattingPolicy = $2
		$2.inheritsSet = Mono
		$2.inheritsScope = text/x-csharp
		$2.scope = text/x-csharp
		$0.TextStylePolicy = $3
		$3.FileWidth = 120
		$3.TabWidth = 4
		$3.IndentWidth = 4
		$3.EolMarker = Unix
		$3.inheritsSet = Mono
		$3.inheritsScope = text/plain
		$3.scope = text/plain
	EndGlobalSection

EndGlobal
